
Microsoft Visual Studio Solution File, Format Version 12.00
# Visual Studio Version 17
VisualStudioVersion = 17.7.34031.279
MinimumVisualStudioVersion = 10.0.40219.1
Project("{8BC9CEB8-8B4A-11D0-8D11-00A0C91BC942}") = "4.1", "4.1\4.1.vcxproj", "{8639C528-B13A-45DB-B4DA-59062A824BE5}"
EndProject
Global
	GlobalSection(SolutionConfigurationPlatforms) = preSolution
		Debug|x64 = Debug|x64
		Debug|x86 = Debug|x86
		Release|x64 = Release|x64
		Release|x86 = Release|x86
	EndGlobalSection
	GlobalSection(ProjectConfigurationPlatforms) = postSolution
		{8639C528-B13A-45DB-B4DA-59062A824BE5}.Debug|x64.ActiveCfg = Debug|x64
		{8639C528-B13A-45DB-B4DA-59062A824BE5}.Debug|x64.Build.0 = Debug|x64
		{8639C528-B13A-45DB-B4DA-59062A824BE5}.Debug|x86.ActiveCfg = Debug|Win32
		{8639C528-B13A-45DB-B4DA-59062A824BE5}.Debug|x86.Build.0 = Debug|Win32
		{8639C528-B13A-45DB-B4DA-59062A824BE5}.Release|x64.ActiveCfg = Release|x64
		{8639C528-B13A-45DB-B4DA-59062A824BE5}.Release|x64.Build.0 = Release|x64
		{8639C528-B13A-45DB-B4DA-59062A824BE5}.Release|x86.ActiveCfg = Release|Win32
		{8639C528-B13A-45DB-B4DA-59062A824BE5}.Release|x86.Build.0 = Release|Win32
	EndGlobalSection
	GlobalSection(SolutionProperties) = preSolution
		HideSolutionNode = FALSE
	EndGlobalSection
	GlobalSection(ExtensibilityGlobals) = postSolution
		SolutionGuid = {98B3AF73-6361-4189-9E84-520CC97F52D6}
	EndGlobalSection
EndGlobal
