
Microsoft Visual Studio Solution File, Format Version 12.00
# Visual Studio Version 17
VisualStudioVersion = 17.7.34031.279
MinimumVisualStudioVersion = 10.0.40219.1
Project("{8BC9CEB8-8B4A-11D0-8D11-00A0C91BC942}") = "9.3", "9.3\9.3.vcxproj", "{46E0325B-84D9-479F-B3A4-FF4903CACEE1}"
EndProject
Project("{8BC9CEB8-8B4A-11D0-8D11-00A0C91BC942}") = "UnitTest1", "UnitTest1\UnitTest1.vcxproj", "{00FCB310-4827-4CF7-8C35-6FB9F95A96ED}"
EndProject
Global
	GlobalSection(SolutionConfigurationPlatforms) = preSolution
		Debug|x64 = Debug|x64
		Debug|x86 = Debug|x86
		Release|x64 = Release|x64
		Release|x86 = Release|x86
	EndGlobalSection
	GlobalSection(ProjectConfigurationPlatforms) = postSolution
		{46E0325B-84D9-479F-B3A4-FF4903CACEE1}.Debug|x64.ActiveCfg = Debug|x64
		{46E0325B-84D9-479F-B3A4-FF4903CACEE1}.Debug|x64.Build.0 = Debug|x64
		{46E0325B-84D9-479F-B3A4-FF4903CACEE1}.Debug|x86.ActiveCfg = Debug|Win32
		{46E0325B-84D9-479F-B3A4-FF4903CACEE1}.Debug|x86.Build.0 = Debug|Win32
		{46E0325B-84D9-479F-B3A4-FF4903CACEE1}.Release|x64.ActiveCfg = Release|x64
		{46E0325B-84D9-479F-B3A4-FF4903CACEE1}.Release|x64.Build.0 = Release|x64
		{46E0325B-84D9-479F-B3A4-FF4903CACEE1}.Release|x86.ActiveCfg = Release|Win32
		{46E0325B-84D9-479F-B3A4-FF4903CACEE1}.Release|x86.Build.0 = Release|Win32
		{00FCB310-4827-4CF7-8C35-6FB9F95A96ED}.Debug|x64.ActiveCfg = Debug|x64
		{00FCB310-4827-4CF7-8C35-6FB9F95A96ED}.Debug|x64.Build.0 = Debug|x64
		{00FCB310-4827-4CF7-8C35-6FB9F95A96ED}.Debug|x86.ActiveCfg = Debug|Win32
		{00FCB310-4827-4CF7-8C35-6FB9F95A96ED}.Debug|x86.Build.0 = Debug|Win32
		{00FCB310-4827-4CF7-8C35-6FB9F95A96ED}.Release|x64.ActiveCfg = Release|x64
		{00FCB310-4827-4CF7-8C35-6FB9F95A96ED}.Release|x64.Build.0 = Release|x64
		{00FCB310-4827-4CF7-8C35-6FB9F95A96ED}.Release|x86.ActiveCfg = Release|Win32
		{00FCB310-4827-4CF7-8C35-6FB9F95A96ED}.Release|x86.Build.0 = Release|Win32
	EndGlobalSection
	GlobalSection(SolutionProperties) = preSolution
		HideSolutionNode = FALSE
	EndGlobalSection
	GlobalSection(ExtensibilityGlobals) = postSolution
		SolutionGuid = {F5DF7C2C-D0ED-4F4B-A874-267873D98FA2}
	EndGlobalSection
EndGlobal
